// !$*UTF8*$!
{
	archiveVersion = 1;
	classes = {
	};
	objectVersion = 46;
	objects = {

/* Begin PBXBuildFile section */
		BA52D2451E2B1E4500126EB4 /* AppDelegate.swift in Sources */ = {isa = PBXBuildFile; fileRef = BA52D2441E2B1E4500126EB4 /* AppDelegate.swift */; };
		BA52D2471E2B1E4500126EB4 /* ViewController.swift in Sources */ = {isa = PBXBuildFile; fileRef = BA52D2461E2B1E4500126EB4 /* ViewController.swift */; };
		BA52D24A1E2B1E4500126EB4 /* Main.storyboard in Resources */ = {isa = PBXBuildFile; fileRef = BA52D2481E2B1E4500126EB4 /* Main.storyboard */; };
		BA52D24C1E2B1E4500126EB4 /* Assets.xcassets in Resources */ = {isa = PBXBuildFile; fileRef = BA52D24B1E2B1E4500126EB4 /* Assets.xcassets */; };
		BA52D24F1E2B1E4500126EB4 /* LaunchScreen.storyboard in Resources */ = {isa = PBXBuildFile; fileRef = BA52D24D1E2B1E4500126EB4 /* LaunchScreen.storyboard */; };
/* End PBXBuildFile section */

/* Begin PBXFileReference section */
		BA52D2411E2B1E4500126EB4 /* User_Locations_Challenge.app */ = {isa = PBXFileReference; explicitFileType = wrapper.application; includeInIndex = 0; path = User_Locations_Challenge.app; sourceTree = BUILT_PRODUCTS_DIR; };
		BA52D2441E2B1E4500126EB4 /* AppDelegate.swift */ = {isa = PBXFileReference; lastKnownFileType = sourcecode.swift; path = AppDelegate.swift; sourceTree = "<group>"; };
		BA52D2461E2B1E4500126EB4 /* ViewController.swift */ = {isa = PBXFileReference; lastKnownFileType = sourcecode.swift; path = ViewController.swift; sourceTree = "<group>"; };
		BA52D2491E2B1E4500126EB4 /* Base */ = {isa = PBXFileReference; lastKnownFileType = file.storyboard; name = Base; path = Base.lproj/Main.storyboard; sourceTree = "<group>"; };
		BA52D24B1E2B1E4500126EB4 /* Assets.xcassets */ = {isa = PBXFileReference; lastKnownFileType = folder.assetcatalog; path = Assets.xcassets; sourceTree = "<group>"; };
		BA52D24E1E2B1E4500126EB4 /* Base */ = {isa = PBXFileReference; lastKnownFileType = file.storyboard; name = Base; path = Base.lproj/LaunchScreen.storyboard; sourceTree = "<group>"; };
		BA52D2501E2B1E4500126EB4 /* Info.plist */ = {isa = PBXFileReference; lastKnownFileType = text.plist.xml; path = Info.plist; sourceTree = "<group>"; };
/* End PBXFileReference section */

/* Begin PBXFrameworksBuildPhase section */
		BA52D23E1E2B1E4500126EB4 /* Frameworks */ = {
			isa = PBXFrameworksBuildPhase;
			buildActionMask = 2147483647;
			files = (
			);
			runOnlyForDeploymentPostprocessing = 0;
		};
/* End PBXFrameworksBuildPhase section */

/* Begin PBXGroup section */
		BA52D2381E2B1E4500126EB4 = {
			isa = PBXGroup;
			children = (
				BA52D2431E2B1E4500126EB4 /* User_Locations_Challenge */,
				BA52D2421E2B1E4500126EB4 /* Products */,
			);
			sourceTree = "<group>";
		};
		BA52D2421E2B1E4500126EB4 /* Products */ = {
			isa = PBXGroup;
			children = (
				BA52D2411E2B1E4500126EB4 /* User_Locations_Challenge.app */,
			);
			name = Products;
			sourceTree = "<group>";
		};
		BA52D2431E2B1E4500126EB4 /* User_Locations_Challenge */ = {
			isa = PBXGroup;
			children = (
				BA52D2441E2B1E4500126EB4 /* AppDelegate.swift */,
				BA52D2461E2B1E4500126EB4 /* ViewController.swift */,
				BA52D2481E2B1E4500126EB4 /* Main.storyboard */,
				BA52D24B1E2B1E4500126EB4 /* Assets.xcassets */,
				BA52D24D1E2B1E4500126EB4 /* LaunchScreen.storyboard */,
				BA52D2501E2B1E4500126EB4 /* Info.plist */,
			);
			path = User_Locations_Challenge;
			sourceTree = "<group>";
		};
/* End PBXGroup section */

/* Begin PBXNativeTarget section */
		BA52D2401E2B1E4500126EB4 /* User_Locations_Challenge */ = {
			isa = PBXNativeTarget;
			buildConfigurationList = BA52D2531E2B1E4500126EB4 /* Build configuration list for PBXNativeTarget "User_Locations_Challenge" */;
			buildPhases = (
				BA52D23D1E2B1E4500126EB4 /* Sources */,
				BA52D23E1E2B1E4500126EB4 /* Frameworks */,
				BA52D23F1E2B1E4500126EB4 /* Resources */,
			);
			buildRules = (
			);
			dependencies = (
			);
			name = User_Locations_Challenge;
			productName = User_Locations_Challenge;
			productReference = BA52D2411E2B1E4500126EB4 /* User_Locations_Challenge.app */;
			productType = "com.apple.product-type.application";
		};
/* End PBXNativeTarget section */

/* Begin PBXProject section */
		BA52D2391E2B1E4500126EB4 /* Project object */ = {
			isa = PBXProject;
			attributes = {
				LastSwiftUpdateCheck = 0820;
				LastUpgradeCheck = 0820;
				ORGANIZATIONNAME = kalikans;
				TargetAttributes = {
					BA52D2401E2B1E4500126EB4 = {
						CreatedOnToolsVersion = 8.2.1;
						ProvisioningStyle = Automatic;
					};
				};
			};
			buildConfigurationList = BA52D23C1E2B1E4500126EB4 /* Build configuration list for PBXProject "User_Locations_Challenge" */;
			compatibilityVersion = "Xcode 3.2";
			developmentRegion = English;
			hasScannedForEncodings = 0;
			knownRegions = (
				en,
				Base,
			);
			mainGroup = BA52D2381E2B1E4500126EB4;
			productRefGroup = BA52D2421E2B1E4500126EB4 /* Products */;
			projectDirPath = "";
			projectRoot = "";
			targets = (
				BA52D2401E2B1E4500126EB4 /* User_Locations_Challenge */,
			);
		};
/* End PBXProject section */

/* Begin PBXResourcesBuildPhase section */
		BA52D23F1E2B1E4500126EB4 /* Resources */ = {
			isa = PBXResourcesBuildPhase;
			buildActionMask = 2147483647;
			files = (
				BA52D24F1E2B1E4500126EB4 /* LaunchScreen.storyboard in Resources */,
				BA52D24C1E2B1E4500126EB4 /* Assets.xcassets in Resources */,
				BA52D24A1E2B1E4500126EB4 /* Main.storyboard in Resources */,
			);
			runOnlyForDeploymentPostprocessing = 0;
		};
/* End PBXResourcesBuildPhase section */

/* Begin PBXSourcesBuildPhase section */
		BA52D23D1E2B1E4500126EB4 /* Sources */ = {
			isa = PBXSourcesBuildPhase;
			buildActionMask = 2147483647;
			files = (
				BA52D2471E2B1E4500126EB4 /* ViewController.swift in Sources */,
				BA52D2451E2B1E4500126EB4 /* AppDelegate.swift in Sources */,
			);
			runOnlyForDeploymentPostprocessing = 0;
		};
/* End PBXSourcesBuildPhase section */

/* Begin PBXVariantGroup section */
		BA52D2481E2B1E4500126EB4 /* Main.storyboard */ = {
			isa = PBXVariantGroup;
			children = (
				BA52D2491E2B1E4500126EB4 /* Base */,
			);
			name = Main.storyboard;
			sourceTree = "<group>";
		};
		BA52D24D1E2B1E4500126EB4 /* LaunchScreen.storyboard */ = {
			isa = PBXVariantGroup;
			children = (
				BA52D24E1E2B1E4500126EB4 /* Base */,
			);
			name = LaunchScreen.storyboard;
			sourceTree = "<group>";
		};
/* End PBXVariantGroup section */

/* Begin XCBuildConfiguration section */
		BA52D2511E2B1E4500126EB4 /* Debug */ = {
			isa = XCBuildConfiguration;
			buildSettings = {
				ALWAYS_SEARCH_USER_PATHS = NO;
				CLANG_ANALYZER_NONNULL = YES;
				CLANG_CXX_LANGUAGE_STANDARD = "gnu++0x";
				CLANG_CXX_LIBRARY = "libc++";
				CLANG_ENABLE_MODULES = YES;
				CLANG_ENABLE_OBJC_ARC = YES;
				CLANG_WARN_BOOL_CONVERSION = YES;
				CLANG_WARN_CONSTANT_CONVERSION = YES;
				CLANG_WARN_DIRECT_OBJC_ISA_USAGE = YES_ERROR;
				CLANG_WARN_DOCUMENTATION_COMMENTS = YES;
				CLANG_WARN_EMPTY_BODY = YES;
				CLANG_WARN_ENUM_CONVERSION = YES;
				CLANG_WARN_INFINITE_RECURSION = YES;
				CLANG_WARN_INT_CONVERSION = YES;
				CLANG_WARN_OBJC_ROOT_CLASS = YES_ERROR;
				CLANG_WARN_SUSPICIOUS_MOVE = YES;
				CLANG_WARN_UNREACHABLE_CODE = YES;
				CLANG_WARN__DUPLICATE_METHOD_MATCH = YES;
				"CODE_SIGN_IDENTITY[sdk=iphoneos*]" = "iPhone Developer";
				COPY_PHASE_STRIP = NO;
				DEBUG_INFORMATION_FORMAT = dwarf;
				ENABLE_STRICT_OBJC_MSGSEND = YES;
				ENABLE_TESTABILITY = YES;
				GCC_C_LANGUAGE_STANDARD = gnu99;
				GCC_DYNAMIC_NO_PIC = NO;
				GCC_NO_COMMON_BLOCKS = YES;
				GCC_OPTIMIZATION_LEVEL = 0;
				GCC_PREPROCESSOR_DEFINITIONS = (
					"DEBUG=1",
					"$(inherited)",
				);
				GCC_WARN_64_TO_32_BIT_CONVERSION = YES;
				GCC_WARN_ABOUT_RETURN_TYPE = YES_ERROR;
				GCC_WARN_UNDECLARED_SELECTOR = YES;
				GCC_WARN_UNINITIALIZED_AUTOS = YES_AGGRESSIVE;
				GCC_WARN_UNUSED_FUNCTION = YES;
				GCC_WARN_UNUSED_VARIABLE = YES;
				IPHONEOS_DEPLOYMENT_TARGET = 10.2;
				MTL_ENABLE_DEBUG_INFO = YES;
				ONLY_ACTIVE_ARCH = YES;
				SDKROOT = iphoneos;
				SWIFT_ACTIVE_COMPILATION_CONDITIONS = DEBUG;
				SWIFT_OPTIMIZATION_LEVEL = "-Onone";
				TARGETED_DEVICE_FAMILY = "1,2";
			};
			name = Debug;
		};
		BA52D2521E2B1E4500126EB4 /* Release */ = {
			isa = XCBuildConfiguration;
			buildSettings = {
				ALWAYS_SEARCH_USER_PATHS = NO;
				CLANG_ANALYZER_NONNULL = YES;
				CLANG_CXX_LANGUAGE_STANDARD = "gnu++0x";
				CLANG_CXX_LIBRARY = "libc++";
				CLANG_ENABLE_MODULES = YES;
				CLANG_ENABLE_OBJC_ARC = YES;
				CLANG_WARN_BOOL_CONVERSION = YES;
				CLANG_WARN_CONSTANT_CONVERSION = YES;
				CLANG_WARN_DIRECT_OBJC_ISA_USAGE = YES_ERROR;
				CLANG_WARN_DOCUMENTATION_COMMENTS = YES;
				CLANG_WARN_EMPTY_BODY = YES;
				CLANG_WARN_ENUM_CONVERSION = YES;
				CLANG_WARN_INFINITE_RECURSION = YES;
				CLANG_WARN_INT_CONVERSION = YES;
				CLANG_WARN_OBJC_ROOT_CLASS = YES_ERROR;
				CLANG_WARN_SUSPICIOUS_MOVE = YES;
				CLANG_WARN_UNREACHABLE_CODE = YES;
				CLANG_WARN__DUPLICATE_METHOD_MATCH = YES;
				"CODE_SIGN_IDENTITY[sdk=iphoneos*]" = "iPhone Developer";
				COPY_PHASE_STRIP = NO;
				DEBUG_INFORMATION_FORMAT = "dwarf-with-dsym";
				ENABLE_NS_ASSERTIONS = NO;
				ENABLE_STRICT_OBJC_MSGSEND = YES;
				GCC_C_LANGUAGE_STANDARD = gnu99;
				GCC_NO_COMMON_BLOCKS = YES;
				GCC_WARN_64_TO_32_BIT_CONVERSION = YES;
				GCC_WARN_ABOUT_RETURN_TYPE = YES_ERROR;
				GCC_WARN_UNDECLARED_SELECTOR = YES;
				GCC_WARN_UNINITIALIZED_AUTOS = YES_AGGRESSIVE;
				GCC_WARN_UNUSED_FUNCTION = YES;
				GCC_WARN_UNUSED_VARIABLE = YES;
				IPHONEOS_DEPLOYMENT_TARGET = 10.2;
				MTL_ENABLE_DEBUG_INFO = NO;
				SDKROOT = iphoneos;
				SWIFT_OPTIMIZATION_LEVEL = "-Owholemodule";
				TARGETED_DEVICE_FAMILY = "1,2";
				VALIDATE_PRODUCT = YES;
			};
			name = Release;
		};
		BA52D2541E2B1E4500126EB4 /* Debug */ = {
			isa = XCBuildConfiguration;
			buildSettings = {
				ASSETCATALOG_COMPILER_APPICON_NAME = AppIcon;
				INFOPLIST_FILE = User_Locations_Challenge/Info.plist;
				LD_RUNPATH_SEARCH_PATHS = "$(inherited) @executable_path/Frameworks";
				PRODUCT_BUNDLE_IDENTIFIER = "com.kalikans.User-Locations-Challenge";
				PRODUCT_NAME = "$(TARGET_NAME)";
				SWIFT_VERSION = 3.0;
			};
			name = Debug;
		};
		BA52D2551E2B1E4500126EB4 /* Release */ = {
			isa = XCBuildConfiguration;
			buildSettings = {
				ASSETCATALOG_COMPILER_APPICON_NAME = AppIcon;
				INFOPLIST_FILE = User_Locations_Challenge/Info.plist;
				LD_RUNPATH_SEARCH_PATHS = "$(inherited) @executable_path/Frameworks";
				PRODUCT_BUNDLE_IDENTIFIER = "com.kalikans.User-Locations-Challenge";
				PRODUCT_NAME = "$(TARGET_NAME)";
				SWIFT_VERSION = 3.0;
			};
			name = Release;
		};
/* End XCBuildConfiguration section */

/* Begin XCConfigurationList section */
		BA52D23C1E2B1E4500126EB4 /* Build configuration list for PBXProject "User_Locations_Challenge" */ = {
			isa = XCConfigurationList;
			buildConfigurations = (
				BA52D2511E2B1E4500126EB4 /* Debug */,
				BA52D2521E2B1E4500126EB4 /* Release */,
			);
			defaultConfigurationIsVisible = 0;
			defaultConfigurationName = Release;
		};
		BA52D2531E2B1E4500126EB4 /* Build configuration list for PBXNativeTarget "User_Locations_Challenge" */ = {
			isa = XCConfigurationList;
			buildConfigurations = (
				BA52D2541E2B1E4500126EB4 /* Debug */,
				BA52D2551E2B1E4500126EB4 /* Release */,
			);
			defaultConfigurationIsVisible = 0;
		};
/* End XCConfigurationList section */
	};
	rootObject = BA52D2391E2B1E4500126EB4 /* Project object */;
}
